// !$*UTF8*$!
{
	archiveVersion = 1;
	classes = {
	};
	objectVersion = 50;
	objects = {

/* Begin PBXBuildFile section */
		3031441920BA2BE800ABBFB3 /* Interface.storyboard in Resources */ = {isa = PBXBuildFile; fileRef = 3031441720BA2BE800ABBFB3 /* Interface.storyboard */; };
		3031441B20BA2BE800ABBFB3 /* Assets.xcassets in Resources */ = {isa = PBXBuildFile; fileRef = 3031441A20BA2BE800ABBFB3 /* Assets.xcassets */; };
		3031442220BA2BE800ABBFB3 /* Fair Dice For Apple Watch Extension.appex in Embed App Extensions */ = {isa = PBXBuildFile; fileRef = 3031442120BA2BE800ABBFB3 /* Fair Dice For Apple Watch Extension.appex */; settings = {ATTRIBUTES = (RemoveHeadersOnCopy, ); }; };
		3031442720BA2BE800ABBFB3 /* InterfaceController.swift in Sources */ = {isa = PBXBuildFile; fileRef = 3031442620BA2BE800ABBFB3 /* InterfaceController.swift */; };
		3031442920BA2BE800ABBFB3 /* ExtensionDelegate.swift in Sources */ = {isa = PBXBuildFile; fileRef = 3031442820BA2BE800ABBFB3 /* ExtensionDelegate.swift */; };
		3031442B20BA2BE800ABBFB3 /* NotificationController.swift in Sources */ = {isa = PBXBuildFile; fileRef = 3031442A20BA2BE800ABBFB3 /* NotificationController.swift */; };
		3031442D20BA2BE800ABBFB3 /* ComplicationController.swift in Sources */ = {isa = PBXBuildFile; fileRef = 3031442C20BA2BE800ABBFB3 /* ComplicationController.swift */; };
		3031442F20BA2BE900ABBFB3 /* Assets.xcassets in Resources */ = {isa = PBXBuildFile; fileRef = 3031442E20BA2BE900ABBFB3 /* Assets.xcassets */; };
		3031443420BA2BE900ABBFB3 /* Fair Dice For Apple Watch.app in Embed Watch Content */ = {isa = PBXBuildFile; fileRef = 3031441520BA2BE800ABBFB3 /* Fair Dice For Apple Watch.app */; };
		303628D520B70D3F00CC5DAA /* SettingsTableViewCell.swift in Sources */ = {isa = PBXBuildFile; fileRef = 303628D420B70D3F00CC5DAA /* SettingsTableViewCell.swift */; };
		303628D720B711BD00CC5DAA /* SettingsTableViewController.swift in Sources */ = {isa = PBXBuildFile; fileRef = 303628D620B711BD00CC5DAA /* SettingsTableViewController.swift */; };
		303628D920B712B100CC5DAA /* Color.swift in Sources */ = {isa = PBXBuildFile; fileRef = 303628D820B712B100CC5DAA /* Color.swift */; };
		30D7718820A0C98E006A6820 /* AppDelegate.swift in Sources */ = {isa = PBXBuildFile; fileRef = 30D7718720A0C98E006A6820 /* AppDelegate.swift */; };
		30D7718A20A0C98E006A6820 /* DiceViewController.swift in Sources */ = {isa = PBXBuildFile; fileRef = 30D7718920A0C98E006A6820 /* DiceViewController.swift */; };
		30D7718D20A0C98E006A6820 /* Main.storyboard in Resources */ = {isa = PBXBuildFile; fileRef = 30D7718B20A0C98E006A6820 /* Main.storyboard */; };
		30D7718F20A0C98F006A6820 /* Assets.xcassets in Resources */ = {isa = PBXBuildFile; fileRef = 30D7718E20A0C98F006A6820 /* Assets.xcassets */; };
		30D7719220A0C98F006A6820 /* LaunchScreen.storyboard in Resources */ = {isa = PBXBuildFile; fileRef = 30D7719020A0C98F006A6820 /* LaunchScreen.storyboard */; };
		30D7719B20A0CFEB006A6820 /* LogicalDie.swift in Sources */ = {isa = PBXBuildFile; fileRef = 30D7719A20A0CFEB006A6820 /* LogicalDie.swift */; };
/* End PBXBuildFile section */

/* Begin PBXContainerItemProxy section */
		3031442320BA2BE800ABBFB3 /* PBXContainerItemProxy */ = {
			isa = PBXContainerItemProxy;
			containerPortal = 30D7717C20A0C98E006A6820 /* Project object */;
			proxyType = 1;
			remoteGlobalIDString = 3031442020BA2BE800ABBFB3;
			remoteInfo = "Fair Dice For Apple Watch Extension";
		};
		3031443220BA2BE900ABBFB3 /* PBXContainerItemProxy */ = {
			isa = PBXContainerItemProxy;
			containerPortal = 30D7717C20A0C98E006A6820 /* Project object */;
			proxyType = 1;
			remoteGlobalIDString = 3031441420BA2BE800ABBFB3;
			remoteInfo = "Fair Dice For Apple Watch";
		};
/* End PBXContainerItemProxy section */

/* Begin PBXCopyFilesBuildPhase section */
		3031443A20BA2BE900ABBFB3 /* Embed App Extensions */ = {
			isa = PBXCopyFilesBuildPhase;
			buildActionMask = 2147483647;
			dstPath = "";
			dstSubfolderSpec = 13;
			files = (
				3031442220BA2BE800ABBFB3 /* Fair Dice For Apple Watch Extension.appex in Embed App Extensions */,
			);
			name = "Embed App Extensions";
			runOnlyForDeploymentPostprocessing = 0;
		};
		3031443C20BA2BE900ABBFB3 /* Embed Watch Content */ = {
			isa = PBXCopyFilesBuildPhase;
			buildActionMask = 2147483647;
			dstPath = "$(CONTENTS_FOLDER_PATH)/Watch";
			dstSubfolderSpec = 16;
			files = (
				3031443420BA2BE900ABBFB3 /* Fair Dice For Apple Watch.app in Embed Watch Content */,
			);
			name = "Embed Watch Content";
			runOnlyForDeploymentPostprocessing = 0;
		};
/* End PBXCopyFilesBuildPhase section */

/* Begin PBXFileReference section */
		3031441520BA2BE800ABBFB3 /* Fair Dice For Apple Watch.app */ = {isa = PBXFileReference; explicitFileType = wrapper.application; includeInIndex = 0; path = "Fair Dice For Apple Watch.app"; sourceTree = BUILT_PRODUCTS_DIR; };
		3031441820BA2BE800ABBFB3 /* Base */ = {isa = PBXFileReference; lastKnownFileType = file.storyboard; name = Base; path = Base.lproj/Interface.storyboard; sourceTree = "<group>"; };
		3031441A20BA2BE800ABBFB3 /* Assets.xcassets */ = {isa = PBXFileReference; lastKnownFileType = folder.assetcatalog; path = Assets.xcassets; sourceTree = "<group>"; };
		3031441C20BA2BE800ABBFB3 /* Info.plist */ = {isa = PBXFileReference; lastKnownFileType = text.plist.xml; path = Info.plist; sourceTree = "<group>"; };
		3031442120BA2BE800ABBFB3 /* Fair Dice For Apple Watch Extension.appex */ = {isa = PBXFileReference; explicitFileType = "wrapper.app-extension"; includeInIndex = 0; path = "Fair Dice For Apple Watch Extension.appex"; sourceTree = BUILT_PRODUCTS_DIR; };
		3031442620BA2BE800ABBFB3 /* InterfaceController.swift */ = {isa = PBXFileReference; lastKnownFileType = sourcecode.swift; path = InterfaceController.swift; sourceTree = "<group>"; };
		3031442820BA2BE800ABBFB3 /* ExtensionDelegate.swift */ = {isa = PBXFileReference; lastKnownFileType = sourcecode.swift; path = ExtensionDelegate.swift; sourceTree = "<group>"; };
		3031442A20BA2BE800ABBFB3 /* NotificationController.swift */ = {isa = PBXFileReference; lastKnownFileType = sourcecode.swift; path = NotificationController.swift; sourceTree = "<group>"; };
		3031442C20BA2BE800ABBFB3 /* ComplicationController.swift */ = {isa = PBXFileReference; lastKnownFileType = sourcecode.swift; path = ComplicationController.swift; sourceTree = "<group>"; };
		3031442E20BA2BE900ABBFB3 /* Assets.xcassets */ = {isa = PBXFileReference; lastKnownFileType = folder.assetcatalog; path = Assets.xcassets; sourceTree = "<group>"; };
		3031443020BA2BE900ABBFB3 /* Info.plist */ = {isa = PBXFileReference; lastKnownFileType = text.plist.xml; path = Info.plist; sourceTree = "<group>"; };
		3031443120BA2BE900ABBFB3 /* PushNotificationPayload.apns */ = {isa = PBXFileReference; lastKnownFileType = text; path = PushNotificationPayload.apns; sourceTree = "<group>"; };
		303628D420B70D3F00CC5DAA /* SettingsTableViewCell.swift */ = {isa = PBXFileReference; lastKnownFileType = sourcecode.swift; path = SettingsTableViewCell.swift; sourceTree = "<group>"; };
		303628D620B711BD00CC5DAA /* SettingsTableViewController.swift */ = {isa = PBXFileReference; lastKnownFileType = sourcecode.swift; path = SettingsTableViewController.swift; sourceTree = "<group>"; };
		303628D820B712B100CC5DAA /* Color.swift */ = {isa = PBXFileReference; lastKnownFileType = sourcecode.swift; path = Color.swift; sourceTree = "<group>"; };
		30D7718420A0C98E006A6820 /* D&D Fair Dice.app */ = {isa = PBXFileReference; explicitFileType = wrapper.application; includeInIndex = 0; path = "D&D Fair Dice.app"; sourceTree = BUILT_PRODUCTS_DIR; };
		30D7718720A0C98E006A6820 /* AppDelegate.swift */ = {isa = PBXFileReference; lastKnownFileType = sourcecode.swift; path = AppDelegate.swift; sourceTree = "<group>"; };
		30D7718920A0C98E006A6820 /* DiceViewController.swift */ = {isa = PBXFileReference; lastKnownFileType = sourcecode.swift; path = DiceViewController.swift; sourceTree = "<group>"; };
		30D7718C20A0C98E006A6820 /* Base */ = {isa = PBXFileReference; lastKnownFileType = file.storyboard; name = Base; path = Base.lproj/Main.storyboard; sourceTree = "<group>"; };
		30D7718E20A0C98F006A6820 /* Assets.xcassets */ = {isa = PBXFileReference; lastKnownFileType = folder.assetcatalog; path = Assets.xcassets; sourceTree = "<group>"; };
		30D7719120A0C98F006A6820 /* Base */ = {isa = PBXFileReference; lastKnownFileType = file.storyboard; name = Base; path = Base.lproj/LaunchScreen.storyboard; sourceTree = "<group>"; };
		30D7719320A0C98F006A6820 /* Info.plist */ = {isa = PBXFileReference; lastKnownFileType = text.plist.xml; path = Info.plist; sourceTree = "<group>"; };
		30D7719A20A0CFEB006A6820 /* LogicalDie.swift */ = {isa = PBXFileReference; lastKnownFileType = sourcecode.swift; path = LogicalDie.swift; sourceTree = "<group>"; };
/* End PBXFileReference section */

/* Begin PBXFrameworksBuildPhase section */
		3031441E20BA2BE800ABBFB3 /* Frameworks */ = {
			isa = PBXFrameworksBuildPhase;
			buildActionMask = 2147483647;
			files = (
			);
			runOnlyForDeploymentPostprocessing = 0;
		};
		30D7718120A0C98E006A6820 /* Frameworks */ = {
			isa = PBXFrameworksBuildPhase;
			buildActionMask = 2147483647;
			files = (
			);
			runOnlyForDeploymentPostprocessing = 0;
		};
/* End PBXFrameworksBuildPhase section */

/* Begin PBXGroup section */
		302A085320BA4F13008D0FE7 /* Supporting Files */ = {
			isa = PBXGroup;
			children = (
				3031441A20BA2BE800ABBFB3 /* Assets.xcassets */,
				3031441C20BA2BE800ABBFB3 /* Info.plist */,
			);
			path = "Supporting Files";
			sourceTree = "<group>";
		};
		302A085420BA4F47008D0FE7 /* Supporting Files */ = {
			isa = PBXGroup;
			children = (
				3031442E20BA2BE900ABBFB3 /* Assets.xcassets */,
				3031443020BA2BE900ABBFB3 /* Info.plist */,
				3031443120BA2BE900ABBFB3 /* PushNotificationPayload.apns */,
			);
			path = "Supporting Files";
			sourceTree = "<group>";
		};
		3031441620BA2BE800ABBFB3 /* Fair Dice For Apple Watch */ = {
			isa = PBXGroup;
			children = (
				3031441720BA2BE800ABBFB3 /* Interface.storyboard */,
				302A085320BA4F13008D0FE7 /* Supporting Files */,
			);
			path = "Fair Dice For Apple Watch";
			sourceTree = "<group>";
		};
		3031442520BA2BE800ABBFB3 /* Fair Dice For Apple Watch Extension */ = {
			isa = PBXGroup;
			children = (
				3031442620BA2BE800ABBFB3 /* InterfaceController.swift */,
				3031442820BA2BE800ABBFB3 /* ExtensionDelegate.swift */,
				3031442A20BA2BE800ABBFB3 /* NotificationController.swift */,
				3031442C20BA2BE800ABBFB3 /* ComplicationController.swift */,
				302A085420BA4F47008D0FE7 /* Supporting Files */,
			);
			path = "Fair Dice For Apple Watch Extension";
			sourceTree = "<group>";
		};
		30D7717B20A0C98E006A6820 = {
			isa = PBXGroup;
			children = (
				30D7718620A0C98E006A6820 /* D&D Fair Dice */,
				3031441620BA2BE800ABBFB3 /* Fair Dice For Apple Watch */,
				3031442520BA2BE800ABBFB3 /* Fair Dice For Apple Watch Extension */,
				30D7718520A0C98E006A6820 /* Products */,
			);
			sourceTree = "<group>";
		};
		30D7718520A0C98E006A6820 /* Products */ = {
			isa = PBXGroup;
			children = (
				30D7718420A0C98E006A6820 /* D&D Fair Dice.app */,
				3031441520BA2BE800ABBFB3 /* Fair Dice For Apple Watch.app */,
				3031442120BA2BE800ABBFB3 /* Fair Dice For Apple Watch Extension.appex */,
			);
			name = Products;
			sourceTree = "<group>";
		};
		30D7718620A0C98E006A6820 /* D&D Fair Dice */ = {
			isa = PBXGroup;
			children = (
				30D7718920A0C98E006A6820 /* DiceViewController.swift */,
				30D7719A20A0CFEB006A6820 /* LogicalDie.swift */,
				30D7718B20A0C98E006A6820 /* Main.storyboard */,
				303628D620B711BD00CC5DAA /* SettingsTableViewController.swift */,
				303628D820B712B100CC5DAA /* Color.swift */,
				303628D420B70D3F00CC5DAA /* SettingsTableViewCell.swift */,
				30D7719320A0C98F006A6820 /* Info.plist */,
				30D7719920A0C9E4006A6820 /* Supporting Files */,
			);
			path = "D&D Fair Dice";
			sourceTree = "<group>";
		};
		30D7719920A0C9E4006A6820 /* Supporting Files */ = {
			isa = PBXGroup;
			children = (
				30D7719020A0C98F006A6820 /* LaunchScreen.storyboard */,
				30D7718720A0C98E006A6820 /* AppDelegate.swift */,
				30D7718E20A0C98F006A6820 /* Assets.xcassets */,
			);
			path = "Supporting Files";
			sourceTree = "<group>";
		};
/* End PBXGroup section */

/* Begin PBXNativeTarget section */
		3031441420BA2BE800ABBFB3 /* Fair Dice For Apple Watch */ = {
			isa = PBXNativeTarget;
			buildConfigurationList = 3031443B20BA2BE900ABBFB3 /* Build configuration list for PBXNativeTarget "Fair Dice For Apple Watch" */;
			buildPhases = (
				3031441320BA2BE800ABBFB3 /* Resources */,
				3031443A20BA2BE900ABBFB3 /* Embed App Extensions */,
			);
			buildRules = (
			);
			dependencies = (
				3031442420BA2BE800ABBFB3 /* PBXTargetDependency */,
			);
			name = "Fair Dice For Apple Watch";
			productName = "Fair Dice For Apple Watch";
			productReference = 3031441520BA2BE800ABBFB3 /* Fair Dice For Apple Watch.app */;
			productType = "com.apple.product-type.application.watchapp2";
		};
		3031442020BA2BE800ABBFB3 /* Fair Dice For Apple Watch Extension */ = {
			isa = PBXNativeTarget;
			buildConfigurationList = 3031443920BA2BE900ABBFB3 /* Build configuration list for PBXNativeTarget "Fair Dice For Apple Watch Extension" */;
			buildPhases = (
				3031441D20BA2BE800ABBFB3 /* Sources */,
				3031441E20BA2BE800ABBFB3 /* Frameworks */,
				3031441F20BA2BE800ABBFB3 /* Resources */,
			);
			buildRules = (
			);
			dependencies = (
			);
			name = "Fair Dice For Apple Watch Extension";
			productName = "Fair Dice For Apple Watch Extension";
			productReference = 3031442120BA2BE800ABBFB3 /* Fair Dice For Apple Watch Extension.appex */;
			productType = "com.apple.product-type.watchkit2-extension";
		};
		30D7718320A0C98E006A6820 /* D&D Fair Dice */ = {
			isa = PBXNativeTarget;
			buildConfigurationList = 30D7719620A0C98F006A6820 /* Build configuration list for PBXNativeTarget "D&D Fair Dice" */;
			buildPhases = (
				30D7718020A0C98E006A6820 /* Sources */,
				30D7718120A0C98E006A6820 /* Frameworks */,
				30D7718220A0C98E006A6820 /* Resources */,
				3031443C20BA2BE900ABBFB3 /* Embed Watch Content */,
			);
			buildRules = (
			);
			dependencies = (
				3031443320BA2BE900ABBFB3 /* PBXTargetDependency */,
			);
			name = "D&D Fair Dice";
			productName = "D&D Fair Dice";
			productReference = 30D7718420A0C98E006A6820 /* D&D Fair Dice.app */;
			productType = "com.apple.product-type.application";
		};
/* End PBXNativeTarget section */

/* Begin PBXProject section */
		30D7717C20A0C98E006A6820 /* Project object */ = {
			isa = PBXProject;
			attributes = {
				LastSwiftUpdateCheck = 0930;
				LastUpgradeCheck = 0930;
				ORGANIZATIONNAME = "Trap Card";
				TargetAttributes = {
					3031441420BA2BE800ABBFB3 = {
						CreatedOnToolsVersion = 9.3.1;
					};
					3031442020BA2BE800ABBFB3 = {
						CreatedOnToolsVersion = 9.3.1;
					};
					30D7718320A0C98E006A6820 = {
						CreatedOnToolsVersion = 9.3;
					};
				};
			};
			buildConfigurationList = 30D7717F20A0C98E006A6820 /* Build configuration list for PBXProject "D&D Fair Dice" */;
			compatibilityVersion = "Xcode 9.3";
			developmentRegion = en;
			hasScannedForEncodings = 0;
			knownRegions = (
				en,
				Base,
			);
			mainGroup = 30D7717B20A0C98E006A6820;
			productRefGroup = 30D7718520A0C98E006A6820 /* Products */;
			projectDirPath = "";
			projectRoot = "";
			targets = (
				30D7718320A0C98E006A6820 /* D&D Fair Dice */,
				3031441420BA2BE800ABBFB3 /* Fair Dice For Apple Watch */,
				3031442020BA2BE800ABBFB3 /* Fair Dice For Apple Watch Extension */,
			);
		};
/* End PBXProject section */

/* Begin PBXResourcesBuildPhase section */
		3031441320BA2BE800ABBFB3 /* Resources */ = {
			isa = PBXResourcesBuildPhase;
			buildActionMask = 2147483647;
			files = (
				3031441B20BA2BE800ABBFB3 /* Assets.xcassets in Resources */,
				3031441920BA2BE800ABBFB3 /* Interface.storyboard in Resources */,
			);
			runOnlyForDeploymentPostprocessing = 0;
		};
		3031441F20BA2BE800ABBFB3 /* Resources */ = {
			isa = PBXResourcesBuildPhase;
			buildActionMask = 2147483647;
			files = (
				3031442F20BA2BE900ABBFB3 /* Assets.xcassets in Resources */,
			);
			runOnlyForDeploymentPostprocessing = 0;
		};
		30D7718220A0C98E006A6820 /* Resources */ = {
			isa = PBXResourcesBuildPhase;
			buildActionMask = 2147483647;
			files = (
				30D7719220A0C98F006A6820 /* LaunchScreen.storyboard in Resources */,
				30D7718F20A0C98F006A6820 /* Assets.xcassets in Resources */,
				30D7718D20A0C98E006A6820 /* Main.storyboard in Resources */,
			);
			runOnlyForDeploymentPostprocessing = 0;
		};
/* End PBXResourcesBuildPhase section */

/* Begin PBXSourcesBuildPhase section */
		3031441D20BA2BE800ABBFB3 /* Sources */ = {
			isa = PBXSourcesBuildPhase;
			buildActionMask = 2147483647;
			files = (
				3031442B20BA2BE800ABBFB3 /* NotificationController.swift in Sources */,
				3031442D20BA2BE800ABBFB3 /* ComplicationController.swift in Sources */,
				3031442920BA2BE800ABBFB3 /* ExtensionDelegate.swift in Sources */,
				3031442720BA2BE800ABBFB3 /* InterfaceController.swift in Sources */,
			);
			runOnlyForDeploymentPostprocessing = 0;
		};
		30D7718020A0C98E006A6820 /* Sources */ = {
			isa = PBXSourcesBuildPhase;
			buildActionMask = 2147483647;
			files = (
				30D7719B20A0CFEB006A6820 /* LogicalDie.swift in Sources */,
				303628D720B711BD00CC5DAA /* SettingsTableViewController.swift in Sources */,
				30D7718A20A0C98E006A6820 /* DiceViewController.swift in Sources */,
				303628D520B70D3F00CC5DAA /* SettingsTableViewCell.swift in Sources */,
				30D7718820A0C98E006A6820 /* AppDelegate.swift in Sources */,
				303628D920B712B100CC5DAA /* Color.swift in Sources */,
			);
			runOnlyForDeploymentPostprocessing = 0;
		};
/* End PBXSourcesBuildPhase section */

/* Begin PBXTargetDependency section */
		3031442420BA2BE800ABBFB3 /* PBXTargetDependency */ = {
			isa = PBXTargetDependency;
			target = 3031442020BA2BE800ABBFB3 /* Fair Dice For Apple Watch Extension */;
			targetProxy = 3031442320BA2BE800ABBFB3 /* PBXContainerItemProxy */;
		};
		3031443320BA2BE900ABBFB3 /* PBXTargetDependency */ = {
			isa = PBXTargetDependency;
			target = 3031441420BA2BE800ABBFB3 /* Fair Dice For Apple Watch */;
			targetProxy = 3031443220BA2BE900ABBFB3 /* PBXContainerItemProxy */;
		};
/* End PBXTargetDependency section */

/* Begin PBXVariantGroup section */
		3031441720BA2BE800ABBFB3 /* Interface.storyboard */ = {
			isa = PBXVariantGroup;
			children = (
				3031441820BA2BE800ABBFB3 /* Base */,
			);
			name = Interface.storyboard;
			sourceTree = "<group>";
		};
		30D7718B20A0C98E006A6820 /* Main.storyboard */ = {
			isa = PBXVariantGroup;
			children = (
				30D7718C20A0C98E006A6820 /* Base */,
			);
			name = Main.storyboard;
			sourceTree = "<group>";
		};
		30D7719020A0C98F006A6820 /* LaunchScreen.storyboard */ = {
			isa = PBXVariantGroup;
			children = (
				30D7719120A0C98F006A6820 /* Base */,
			);
			name = LaunchScreen.storyboard;
			sourceTree = "<group>";
		};
/* End PBXVariantGroup section */

/* Begin XCBuildConfiguration section */
		3031443520BA2BE900ABBFB3 /* Debug */ = {
			isa = XCBuildConfiguration;
			buildSettings = {
				ALWAYS_EMBED_SWIFT_STANDARD_LIBRARIES = YES;
				ASSETCATALOG_COMPILER_APPICON_NAME = AppIcon;
				CODE_SIGN_STYLE = Automatic;
				DEVELOPMENT_TEAM = 64YNV2N55F;
				IBSC_MODULE = Fair_Dice_For_Apple_Watch_Extension;
				INFOPLIST_FILE = "Fair Dice For Apple Watch/Info.plist";
				PRODUCT_BUNDLE_IDENTIFIER = "TrapCard.1995.19.07.D-D-Fair-Dice.watchkitapp";
				PRODUCT_NAME = "$(TARGET_NAME)";
				SDKROOT = watchos;
				SKIP_INSTALL = YES;
				SWIFT_VERSION = 4.0;
				TARGETED_DEVICE_FAMILY = 4;
				WATCHOS_DEPLOYMENT_TARGET = 4.3;
			};
			name = Debug;
		};
		3031443620BA2BE900ABBFB3 /* Release */ = {
			isa = XCBuildConfiguration;
			buildSettings = {
				ALWAYS_EMBED_SWIFT_STANDARD_LIBRARIES = YES;
				ASSETCATALOG_COMPILER_APPICON_NAME = AppIcon;
				CODE_SIGN_STYLE = Automatic;
				DEVELOPMENT_TEAM = 64YNV2N55F;
				IBSC_MODULE = Fair_Dice_For_Apple_Watch_Extension;
				INFOPLIST_FILE = "Fair Dice For Apple Watch/Info.plist";
				PRODUCT_BUNDLE_IDENTIFIER = "TrapCard.1995.19.07.D-D-Fair-Dice.watchkitapp";
				PRODUCT_NAME = "$(TARGET_NAME)";
				SDKROOT = watchos;
				SKIP_INSTALL = YES;
				SWIFT_VERSION = 4.0;
				TARGETED_DEVICE_FAMILY = 4;
				WATCHOS_DEPLOYMENT_TARGET = 4.3;
			};
			name = Release;
		};
		3031443720BA2BE900ABBFB3 /* Debug */ = {
			isa = XCBuildConfiguration;
			buildSettings = {
				ASSETCATALOG_COMPILER_COMPLICATION_NAME = Complication;
				CODE_SIGN_STYLE = Automatic;
				DEVELOPMENT_TEAM = 64YNV2N55F;
				INFOPLIST_FILE = "Fair Dice For Apple Watch Extension/Info.plist";
				LD_RUNPATH_SEARCH_PATHS = (
					"$(inherited)",
					"@executable_path/Frameworks",
					"@executable_path/../../Frameworks",
				);
				PRODUCT_BUNDLE_IDENTIFIER = "TrapCard.1995.19.07.D-D-Fair-Dice.watchkitapp.watchkitextension";
				PRODUCT_NAME = "${TARGET_NAME}";
				SDKROOT = watchos;
				SKIP_INSTALL = YES;
				SWIFT_VERSION = 4.0;
				TARGETED_DEVICE_FAMILY = 4;
				WATCHOS_DEPLOYMENT_TARGET = 4.3;
			};
			name = Debug;
		};
		3031443820BA2BE900ABBFB3 /* Release */ = {
			isa = XCBuildConfiguration;
			buildSettings = {
				ASSETCATALOG_COMPILER_COMPLICATION_NAME = Complication;
				CODE_SIGN_STYLE = Automatic;
				DEVELOPMENT_TEAM = 64YNV2N55F;
				INFOPLIST_FILE = "Fair Dice For Apple Watch Extension/Info.plist";
				LD_RUNPATH_SEARCH_PATHS = (
					"$(inherited)",
					"@executable_path/Frameworks",
					"@executable_path/../../Frameworks",
				);
				PRODUCT_BUNDLE_IDENTIFIER = "TrapCard.1995.19.07.D-D-Fair-Dice.watchkitapp.watchkitextension";
				PRODUCT_NAME = "${TARGET_NAME}";
				SDKROOT = watchos;
				SKIP_INSTALL = YES;
				SWIFT_VERSION = 4.0;
				TARGETED_DEVICE_FAMILY = 4;
				WATCHOS_DEPLOYMENT_TARGET = 4.3;
			};
			name = Release;
		};
		30D7719420A0C98F006A6820 /* Debug */ = {
			isa = XCBuildConfiguration;
			buildSettings = {
				ALWAYS_SEARCH_USER_PATHS = NO;
				CLANG_ANALYZER_NONNULL = YES;
				CLANG_ANALYZER_NUMBER_OBJECT_CONVERSION = YES_AGGRESSIVE;
				CLANG_CXX_LANGUAGE_STANDARD = "gnu++14";
				CLANG_CXX_LIBRARY = "libc++";
				CLANG_ENABLE_MODULES = YES;
				CLANG_ENABLE_OBJC_ARC = YES;
				CLANG_ENABLE_OBJC_WEAK = YES;
				CLANG_WARN_BLOCK_CAPTURE_AUTORELEASING = YES;
				CLANG_WARN_BOOL_CONVERSION = YES;
				CLANG_WARN_COMMA = YES;
				CLANG_WARN_CONSTANT_CONVERSION = YES;
				CLANG_WARN_DEPRECATED_OBJC_IMPLEMENTATIONS = YES;
				CLANG_WARN_DIRECT_OBJC_ISA_USAGE = YES_ERROR;
				CLANG_WARN_DOCUMENTATION_COMMENTS = YES;
				CLANG_WARN_EMPTY_BODY = YES;
				CLANG_WARN_ENUM_CONVERSION = YES;
				CLANG_WARN_INFINITE_RECURSION = YES;
				CLANG_WARN_INT_CONVERSION = YES;
				CLANG_WARN_NON_LITERAL_NULL_CONVERSION = YES;
				CLANG_WARN_OBJC_IMPLICIT_RETAIN_SELF = YES;
				CLANG_WARN_OBJC_LITERAL_CONVERSION = YES;
				CLANG_WARN_OBJC_ROOT_CLASS = YES_ERROR;
				CLANG_WARN_RANGE_LOOP_ANALYSIS = YES;
				CLANG_WARN_STRICT_PROTOTYPES = YES;
				CLANG_WARN_SUSPICIOUS_MOVE = YES;
				CLANG_WARN_UNGUARDED_AVAILABILITY = YES_AGGRESSIVE;
				CLANG_WARN_UNREACHABLE_CODE = YES;
				CLANG_WARN__DUPLICATE_METHOD_MATCH = YES;
				CODE_SIGN_IDENTITY = "iPhone Developer";
				COPY_PHASE_STRIP = NO;
				DEBUG_INFORMATION_FORMAT = dwarf;
				ENABLE_STRICT_OBJC_MSGSEND = YES;
				ENABLE_TESTABILITY = YES;
				GCC_C_LANGUAGE_STANDARD = gnu11;
				GCC_DYNAMIC_NO_PIC = NO;
				GCC_NO_COMMON_BLOCKS = YES;
				GCC_OPTIMIZATION_LEVEL = 0;
				GCC_PREPROCESSOR_DEFINITIONS = (
					"DEBUG=1",
					"$(inherited)",
				);
				GCC_WARN_64_TO_32_BIT_CONVERSION = YES;
				GCC_WARN_ABOUT_RETURN_TYPE = YES_ERROR;
				GCC_WARN_UNDECLARED_SELECTOR = YES;
				GCC_WARN_UNINITIALIZED_AUTOS = YES_AGGRESSIVE;
				GCC_WARN_UNUSED_FUNCTION = YES;
				GCC_WARN_UNUSED_VARIABLE = YES;
				IPHONEOS_DEPLOYMENT_TARGET = 11.3;
				MTL_ENABLE_DEBUG_INFO = YES;
				ONLY_ACTIVE_ARCH = YES;
				SDKROOT = iphoneos;
				SWIFT_ACTIVE_COMPILATION_CONDITIONS = DEBUG;
				SWIFT_OPTIMIZATION_LEVEL = "-Onone";
			};
			name = Debug;
		};
		30D7719520A0C98F006A6820 /* Release */ = {
			isa = XCBuildConfiguration;
			buildSettings = {
				ALWAYS_SEARCH_USER_PATHS = NO;
				CLANG_ANALYZER_NONNULL = YES;
				CLANG_ANALYZER_NUMBER_OBJECT_CONVERSION = YES_AGGRESSIVE;
				CLANG_CXX_LANGUAGE_STANDARD = "gnu++14";
				CLANG_CXX_LIBRARY = "libc++";
				CLANG_ENABLE_MODULES = YES;
				CLANG_ENABLE_OBJC_ARC = YES;
				CLANG_ENABLE_OBJC_WEAK = YES;
				CLANG_WARN_BLOCK_CAPTURE_AUTORELEASING = YES;
				CLANG_WARN_BOOL_CONVERSION = YES;
				CLANG_WARN_COMMA = YES;
				CLANG_WARN_CONSTANT_CONVERSION = YES;
				CLANG_WARN_DEPRECATED_OBJC_IMPLEMENTATIONS = YES;
				CLANG_WARN_DIRECT_OBJC_ISA_USAGE = YES_ERROR;
				CLANG_WARN_DOCUMENTATION_COMMENTS = YES;
				CLANG_WARN_EMPTY_BODY = YES;
				CLANG_WARN_ENUM_CONVERSION = YES;
				CLANG_WARN_INFINITE_RECURSION = YES;
				CLANG_WARN_INT_CONVERSION = YES;
				CLANG_WARN_NON_LITERAL_NULL_CONVERSION = YES;
				CLANG_WARN_OBJC_IMPLICIT_RETAIN_SELF = YES;
				CLANG_WARN_OBJC_LITERAL_CONVERSION = YES;
				CLANG_WARN_OBJC_ROOT_CLASS = YES_ERROR;
				CLANG_WARN_RANGE_LOOP_ANALYSIS = YES;
				CLANG_WARN_STRICT_PROTOTYPES = YES;
				CLANG_WARN_SUSPICIOUS_MOVE = YES;
				CLANG_WARN_UNGUARDED_AVAILABILITY = YES_AGGRESSIVE;
				CLANG_WARN_UNREACHABLE_CODE = YES;
				CLANG_WARN__DUPLICATE_METHOD_MATCH = YES;
				CODE_SIGN_IDENTITY = "iPhone Developer";
				COPY_PHASE_STRIP = NO;
				DEBUG_INFORMATION_FORMAT = "dwarf-with-dsym";
				ENABLE_NS_ASSERTIONS = NO;
				ENABLE_STRICT_OBJC_MSGSEND = YES;
				GCC_C_LANGUAGE_STANDARD = gnu11;
				GCC_NO_COMMON_BLOCKS = YES;
				GCC_WARN_64_TO_32_BIT_CONVERSION = YES;
				GCC_WARN_ABOUT_RETURN_TYPE = YES_ERROR;
				GCC_WARN_UNDECLARED_SELECTOR = YES;
				GCC_WARN_UNINITIALIZED_AUTOS = YES_AGGRESSIVE;
				GCC_WARN_UNUSED_FUNCTION = YES;
				GCC_WARN_UNUSED_VARIABLE = YES;
				IPHONEOS_DEPLOYMENT_TARGET = 11.3;
				MTL_ENABLE_DEBUG_INFO = NO;
				SDKROOT = iphoneos;
				SWIFT_COMPILATION_MODE = wholemodule;
				SWIFT_OPTIMIZATION_LEVEL = "-O";
				VALIDATE_PRODUCT = YES;
			};
			name = Release;
		};
		30D7719720A0C98F006A6820 /* Debug */ = {
			isa = XCBuildConfiguration;
			buildSettings = {
				ASSETCATALOG_COMPILER_APPICON_NAME = AppIcon;
				CODE_SIGN_STYLE = Automatic;
				DEVELOPMENT_TEAM = 64YNV2N55F;
				INFOPLIST_FILE = "D&D Fair Dice/Info.plist";
				LD_RUNPATH_SEARCH_PATHS = (
					"$(inherited)",
					"@executable_path/Frameworks",
				);
				PRODUCT_BUNDLE_IDENTIFIER = "TrapCard.1995.19.07.D-D-Fair-Dice";
				PRODUCT_NAME = "$(TARGET_NAME)";
				SWIFT_VERSION = 4.0;
				TARGETED_DEVICE_FAMILY = "1,2";
			};
			name = Debug;
		};
		30D7719820A0C98F006A6820 /* Release */ = {
			isa = XCBuildConfiguration;
			buildSettings = {
				ASSETCATALOG_COMPILER_APPICON_NAME = AppIcon;
				CODE_SIGN_STYLE = Automatic;
				DEVELOPMENT_TEAM = 64YNV2N55F;
				INFOPLIST_FILE = "D&D Fair Dice/Info.plist";
				LD_RUNPATH_SEARCH_PATHS = (
					"$(inherited)",
					"@executable_path/Frameworks",
				);
				PRODUCT_BUNDLE_IDENTIFIER = "TrapCard.1995.19.07.D-D-Fair-Dice";
				PRODUCT_NAME = "$(TARGET_NAME)";
				SWIFT_VERSION = 4.0;
				TARGETED_DEVICE_FAMILY = "1,2";
			};
			name = Release;
		};
/* End XCBuildConfiguration section */

/* Begin XCConfigurationList section */
		3031443920BA2BE900ABBFB3 /* Build configuration list for PBXNativeTarget "Fair Dice For Apple Watch Extension" */ = {
			isa = XCConfigurationList;
			buildConfigurations = (
				3031443720BA2BE900ABBFB3 /* Debug */,
				3031443820BA2BE900ABBFB3 /* Release */,
			);
			defaultConfigurationIsVisible = 0;
			defaultConfigurationName = Release;
		};
		3031443B20BA2BE900ABBFB3 /* Build configuration list for PBXNativeTarget "Fair Dice For Apple Watch" */ = {
			isa = XCConfigurationList;
			buildConfigurations = (
				3031443520BA2BE900ABBFB3 /* Debug */,
				3031443620BA2BE900ABBFB3 /* Release */,
			);
			defaultConfigurationIsVisible = 0;
			defaultConfigurationName = Release;
		};
		30D7717F20A0C98E006A6820 /* Build configuration list for PBXProject "D&D Fair Dice" */ = {
			isa = XCConfigurationList;
			buildConfigurations = (
				30D7719420A0C98F006A6820 /* Debug */,
				30D7719520A0C98F006A6820 /* Release */,
			);
			defaultConfigurationIsVisible = 0;
			defaultConfigurationName = Release;
		};
		30D7719620A0C98F006A6820 /* Build configuration list for PBXNativeTarget "D&D Fair Dice" */ = {
			isa = XCConfigurationList;
			buildConfigurations = (
				30D7719720A0C98F006A6820 /* Debug */,
				30D7719820A0C98F006A6820 /* Release */,
			);
			defaultConfigurationIsVisible = 0;
			defaultConfigurationName = Release;
		};
/* End XCConfigurationList section */
	};
	rootObject = 30D7717C20A0C98E006A6820 /* Project object */;
}
